<?xml version="1.0" encoding="utf-8"?>
<Project ToolsVersion="4.0" xmlns="http://schemas.microsoft.com/developer/msbuild/2003">
  <ItemGroup>
    <Filter Include="소스 파일">
      <UniqueIdentifier>{4FC737F1-C7A5-4376-A066-2A32D752A2FF}</UniqueIdentifier>
      <Extensions>cpp;c;cc;cxx;def;odl;idl;hpj;bat;asm;asmx</Extensions>
    </Filter>
    <Filter Include="헤더 파일">
      <UniqueIdentifier>{93995380-89BD-4b04-88EB-625FBE52EBFB}</UniqueIdentifier>
      <Extensions>h;hh;hpp;hxx;hm;inl;inc;xsd</Extensions>
    </Filter>
    <Filter Include="리소스 파일">
      <UniqueIdentifier>{67DA6AB6-F800-4c08-8B7A-83BB121AAD01}</UniqueIdentifier>
      <Extensions>rc;ico;cur;bmp;dlg;rc2;rct;bin;rgs;gif;jpg;jpeg;jpe;resx;tiff;tif;png;wav;mfcribbon-ms</Extensions>
    </Filter>
    <Filter Include="소스 파일\iobuffer">
      <UniqueIdentifier>{ff9338ed-6582-4236-8f12-d16187b686d7}</UniqueIdentifier>
    </Filter>
    <Filter Include="헤더 파일\iobuffer">
      <UniqueIdentifier>{082420a5-a4cb-44b6-bcfd-62b9a0e1bfda}</UniqueIdentifier>
    </Filter>
    <Filter Include="소스 파일\model">
      <UniqueIdentifier>{dd7f71da-3e81-4284-a712-5ce87ef87a79}</UniqueIdentifier>
    </Filter>
    <Filter Include="헤더 파일\model">
      <UniqueIdentifier>{5becf159-310a-4c80-acb7-ff3617a84ff6}</UniqueIdentifier>
    </Filter>
  </ItemGroup>
  <ItemGroup>
    <ClInclude Include="file.h">
      <Filter>헤더 파일</Filter>
    </ClInclude>
    <ClInclude Include="helpers.h">
      <Filter>헤더 파일</Filter>
    </ClInclude>
    <ClInclude Include="main.h">
      <Filter>헤더 파일</Filter>
    </ClInclude>
    <ClInclude Include="iobuffer\delim.h">
      <Filter>헤더 파일\iobuffer</Filter>
    </ClInclude>
    <ClInclude Include="iobuffer\buffile.h">
      <Filter>헤더 파일\iobuffer</Filter>
    </ClInclude>
    <ClInclude Include="iobuffer\iobuffer.h">
      <Filter>헤더 파일\iobuffer</Filter>
    </ClInclude>
    <ClInclude Include="iobuffer\recfile.h">
      <Filter>헤더 파일\iobuffer</Filter>
    </ClInclude>
    <ClInclude Include="iobuffer\varlen.h">
      <Filter>헤더 파일\iobuffer</Filter>
    </ClInclude>
    <ClInclude Include="model\member.h">
      <Filter>헤더 파일\model</Filter>
    </ClInclude>
    <ClInclude Include="model\model.h">
      <Filter>헤더 파일\model</Filter>
    </ClInclude>
    <ClInclude Include="model\purchase.h">
      <Filter>헤더 파일\model</Filter>
    </ClInclude>
    <ClInclude Include="model\stock.h">
      <Filter>헤더 파일\model</Filter>
    </ClInclude>
    <ClInclude Include="shopping.h">
      <Filter>헤더 파일</Filter>
    </ClInclude>
    <ClInclude Include="controller.h">
      <Filter>헤더 파일</Filter>
    </ClInclude>
  </ItemGroup>
  <ItemGroup>
    <ClCompile Include="main.cpp">
      <Filter>소스 파일</Filter>
    </ClCompile>
    <ClCompile Include="helpers.cpp">
      <Filter>소스 파일</Filter>
    </ClCompile>
    <ClCompile Include="iobuffer\buffile.cpp">
      <Filter>소스 파일\iobuffer</Filter>
    </ClCompile>
    <ClCompile Include="iobuffer\delim.cpp">
      <Filter>소스 파일\iobuffer</Filter>
    </ClCompile>
    <ClCompile Include="iobuffer\iobuffer.cpp">
      <Filter>소스 파일\iobuffer</Filter>
    </ClCompile>
    <ClCompile Include="iobuffer\varlen.cpp">
      <Filter>소스 파일\iobuffer</Filter>
    </ClCompile>
    <ClCompile Include="file.cpp">
      <Filter>소스 파일</Filter>
    </ClCompile>
    <ClCompile Include="model\member.cpp">
      <Filter>소스 파일\model</Filter>
    </ClCompile>
    <ClCompile Include="model\purchase.cpp">
      <Filter>소스 파일\model</Filter>
    </ClCompile>
    <ClCompile Include="model\stock.cpp">
      <Filter>소스 파일\model</Filter>
    </ClCompile>
    <ClCompile Include="shopping.cpp">
      <Filter>소스 파일</Filter>
    </ClCompile>
    <ClCompile Include="controller.cpp">
      <Filter>소스 파일</Filter>
    </ClCompile>
  </ItemGroup>
</Project>